
Microsoft Visual Studio Solution File, Format Version 12.00
# Visual Studio Version 17
VisualStudioVersion = 17.5.33530.505
MinimumVisualStudioVersion = 10.0.40219.1
Project("{FAE04EC0-301F-11D3-BF4B-00C04F79EFBC}") = "UYASAxisControl", "UYASAxisControl.csproj", "{910BD7A5-EB71-4B60-BE6B-D946F4E67E4A}"
EndProject
Global
	GlobalSection(SolutionConfigurationPlatforms) = preSolution
		Debug|Any CPU = Debug|Any CPU
		Release|Any CPU = Release|Any CPU
	EndGlobalSection
	GlobalSection(ProjectConfigurationPlatforms) = postSolution
		{910BD7A5-EB71-4B60-BE6B-D946F4E67E4A}.Debug|Any CPU.ActiveCfg = Debug|Any CPU
		{910BD7A5-EB71-4B60-BE6B-D946F4E67E4A}.Debug|Any CPU.Build.0 = Debug|Any CPU
		{910BD7A5-EB71-4B60-BE6B-D946F4E67E4A}.Release|Any CPU.ActiveCfg = Release|Any CPU
		{910BD7A5-EB71-4B60-BE6B-D946F4E67E4A}.Release|Any CPU.Build.0 = Release|Any CPU
	EndGlobalSection
	GlobalSection(SolutionProperties) = preSolution
		HideSolutionNode = FALSE
	EndGlobalSection
	GlobalSection(ExtensibilityGlobals) = postSolution
		SolutionGuid = {CBF10555-E0CA-4E35-8F97-AF5533860D07}
	EndGlobalSection
EndGlobal
